[[package]]
name = "numpy"
version = "1.23.0"
description = "NumPy is the fundamental package for array computing with Python."
category = "main"
optional = false
python-versions = ">=3.8"

[metadata]
lock-version = "1.1"
python-versions = "^3.8"
content-hash = "729d744f72f4076ce56ead5fcae98920444def28bbc05888c6122516070278cf"

[metadata.files]
numpy = [
    {file = "numpy-1.23.0-cp310-cp310-macosx_10_9_x86_64.whl", hash = "sha256:58bfd40eb478f54ff7a5710dd61c8097e169bc36cc68333d00a9bcd8def53b38"},
    {file = "numpy-1.23.0-cp310-cp310-macosx_11_0_arm64.whl", hash = "sha256:196cd074c3f97c4121601790955f915187736f9cf458d3ee1f1b46aff2b1ade0"},
    {file = "numpy-1.23.0-cp310-cp310-manylinux_2_17_aarch64.manylinux2014_aarch64.whl", hash = "sha256:f1d88ef79e0a7fa631bb2c3dda1ea46b32b1fe614e10fedd611d3d5398447f2f"},
    {file = "numpy-1.23.0-cp310-cp310-manylinux_2_17_x86_64.manylinux2014_x86_64.whl", hash = "sha256:d54b3b828d618a19779a84c3ad952e96e2c2311b16384e973e671aa5be1f6187"},
    {file = "numpy-1.23.0-cp310-cp310-win32.whl", hash = "sha256:2b2da66582f3a69c8ce25ed7921dcd8010d05e59ac8d89d126a299be60421171"},
    {file = "numpy-1.23.0-cp310-cp310-win_amd64.whl", hash = "sha256:97a76604d9b0e79f59baeca16593c711fddb44936e40310f78bfef79ee9a835f"},
    {file = "numpy-1.23.0-cp38-cp38-macosx_10_9_x86_64.whl", hash = "sha256:d8cc87bed09de55477dba9da370c1679bd534df9baa171dd01accbb09687dac3"},
    {file = "numpy-1.23.0-cp38-cp38-macosx_11_0_arm64.whl", hash = "sha256:f0f18804df7370571fb65db9b98bf1378172bd4e962482b857e612d1fec0f53e"},
    {file = "numpy-1.23.0-cp38-cp38-manylinux_2_17_aarch64.manylinux2014_aarch64.whl", hash = "sha256:ac86f407873b952679f5f9e6c0612687e51547af0e14ddea1eedfcb22466babd"},
    {file = "numpy-1.23.0-cp38-cp38-manylinux_2_17_x86_64.manylinux2014_x86_64.whl", hash = "sha256:ae8adff4172692ce56233db04b7ce5792186f179c415c37d539c25de7298d25d"},
    {file = "numpy-1.23.0-cp38-cp38-win32.whl", hash = "sha256:fe8b9683eb26d2c4d5db32cd29b38fdcf8381324ab48313b5b69088e0e355379"},
    {file = "numpy-1.23.0-cp38-cp38-win_amd64.whl", hash = "sha256:5043bcd71fcc458dfb8a0fc5509bbc979da0131b9d08e3d5f50fb0bbb36f169a"},
    {file = "numpy-1.23.0-cp39-cp39-macosx_10_9_x86_64.whl", hash = "sha256:1c29b44905af288b3919803aceb6ec7fec77406d8b08aaa2e8b9e63d0fe2f160"},
    {file = "numpy-1.23.0-cp39-cp39-macosx_11_0_arm64.whl", hash = "sha256:98e8e0d8d69ff4d3fa63e6c61e8cfe2d03c29b16b58dbef1f9baa175bbed7860"},
    {file = "numpy-1.23.0-cp39-cp39-manylinux_2_17_aarch64.manylinux2014_aarch64.whl", hash = "sha256:79a506cacf2be3a74ead5467aee97b81fca00c9c4c8b3ba16dbab488cd99ba10"},
    {file = "numpy-1.23.0-cp39-cp39-manylinux_2_17_x86_64.manylinux2014_x86_64.whl", hash = "sha256:092f5e6025813e64ad6d1b52b519165d08c730d099c114a9247c9bb635a2a450"},
    {file = "numpy-1.23.0-cp39-cp39-win32.whl", hash = "sha256:d6ca8dabe696c2785d0c8c9b0d8a9b6e5fdbe4f922bde70d57fa1a2848134f95"},
    {file = "numpy-1.23.0-cp39-cp39-win_amd64.whl", hash = "sha256:fc431493df245f3c627c0c05c2bd134535e7929dbe2e602b80e42bf52ff760bc"},
    {file = "numpy-1.23.0-pp38-pypy38_pp73-macosx_10_9_x86_64.whl", hash = "sha256:f9c3fc2adf67762c9fe1849c859942d23f8d3e0bee7b5ed3d4a9c3eeb50a2f07"},
    {file = "numpy-1.23.0-pp38-pypy38_pp73-manylinux_2_17_x86_64.manylinux2014_x86_64.whl", hash = "sha256:d0d2094e8f4d760500394d77b383a1b06d3663e8892cdf5df3c592f55f3bff66"},
    {file = "numpy-1.23.0-pp38-pypy38_pp73-win_amd64.whl", hash = "sha256:94b170b4fa0168cd6be4becf37cb5b127bd12a795123984385b8cd4aca9857e5"},
    {file = "numpy-1.23.0.tar.gz", hash = "sha256:bd3fa4fe2e38533d5336e1272fc4e765cabbbde144309ccee8675509d5cd7b05"},
]
